PODS:
  - DZNEmptyDataSet (1.8.1)
  - InAppSettingsKit (3.3.6)
  - R.swift (6.1.0):
    - R.swift.Library (~> 5.3.0)
  - R.swift.Library (5.3.0)
  - StatusAlert (1.1.1)

DEPENDENCIES:
  - DZNEmptyDataSet
  - InAppSettingsKit
  - R.swift
  - StatusAlert

SPEC REPOS:
  trunk:
    - DZNEmptyDataSet
    - InAppSettingsKit
    - R.swift
    - R.swift.Library
    - StatusAlert

SPEC CHECKSUMS:
  DZNEmptyDataSet: 9525833b9e68ac21c30253e1d3d7076cc828eaa7
  InAppSettingsKit: 37df0b44132380d4c7db6fc7cded92997e29873a
  R.swift: ec98ff71c4ab2f6fd01dd077e5afd15e63a4834c
  R.swift.Library: 0fc583cb55a99e28901299cc451614cad1161962
  StatusAlert: a18ec3c33d36a06d4479c1f2b15ffac67aaf7ab1

PODFILE CHECKSUM: d1d4a325bd65d49ad2f00d7ed6f11a6b6b3deeb8

COCOAPODS: 1.12.0
