{
  "object": {
    "pins": [
      {
        "package": "LNPopupController",
        "repositoryURL": "https://github.com/LeoNatan/LNPopupController.git",
        "state": {
          "branch": null,
          "revision": "f5987c5eb48a5bf71b7322719c0e56f14df2d01c",
          "version": "2.10.36"
        }
      }
    ]
  },
  "version": 1
}
